
Microsoft Visual Studio Solution File, Format Version 12.00
# Visual Studio 14
VisualStudioVersion = 14.0.24720.0
MinimumVisualStudioVersion = 10.0.40219.1
Project("{E24C65DC-7377-472B-9ABA-BC803B73C61A}") = "Project2", ".", "{83E7B6A7-1D63-4EA2-A213-6AD62D6D4D76}"
	ProjectSection(WebsiteProperties) = preProject
		TargetFrameworkMoniker = ".NETFramework,Version%3Dv4.5.2"
		Debug.AspNetCompiler.VirtualPath = "/localhost_2115"
		Debug.AspNetCompiler.PhysicalPath = "..\Project2\"
		Debug.AspNetCompiler.TargetPath = "PrecompiledWeb\localhost_2115\"
		Debug.AspNetCompiler.Updateable = "true"
		Debug.AspNetCompiler.ForceOverwrite = "true"
		Debug.AspNetCompiler.FixedNames = "false"
		Debug.AspNetCompiler.Debug = "True"
		Release.AspNetCompiler.VirtualPath = "/localhost_2115"
		Release.AspNetCompiler.PhysicalPath = "..\Project2\"
		Release.AspNetCompiler.TargetPath = "PrecompiledWeb\localhost_2115\"
		Release.AspNetCompiler.Updateable = "true"
		Release.AspNetCompiler.ForceOverwrite = "true"
		Release.AspNetCompiler.FixedNames = "false"
		Release.AspNetCompiler.Debug = "False"
		VWDPort = "2115"
		SlnRelativePath = "..\Project2\"
	EndProjectSection
EndProject
Global
	GlobalSection(SolutionConfigurationPlatforms) = preSolution
		Debug|Any CPU = Debug|Any CPU
	EndGlobalSection
	GlobalSection(ProjectConfigurationPlatforms) = postSolution
		{83E7B6A7-1D63-4EA2-A213-6AD62D6D4D76}.Debug|Any CPU.ActiveCfg = Debug|Any CPU
		{83E7B6A7-1D63-4EA2-A213-6AD62D6D4D76}.Debug|Any CPU.Build.0 = Debug|Any CPU
	EndGlobalSection
	GlobalSection(SolutionProperties) = preSolution
		HideSolutionNode = FALSE
	EndGlobalSection
EndGlobal
